
Microsoft Visual Studio Solution File, Format Version 12.00
# Visual Studio 15
VisualStudioVersion = 15.0.27130.2010
MinimumVisualStudioVersion = 10.0.40219.1
Project("{FAE04EC0-301F-11D3-BF4B-00C04F79EFBC}") = "BarcodeDemo.Android", "BarcodeDemo\BarcodeDemo.Android\BarcodeDemo.Android.csproj", "{3B72217C-991C-4B8F-AAD5-B865B7E56F74}"
EndProject
Project("{FAE04EC0-301F-11D3-BF4B-00C04F79EFBC}") = "BarcodeDemo.iOS", "BarcodeDemo\BarcodeDemo.iOS\BarcodeDemo.iOS.csproj", "{89737DC1-7B7F-4774-9CD3-C8CA5D241FE8}"
EndProject
Project("{9A19103F-16F7-4668-BE54-9A1E7A4F7556}") = "BarcodeDemo", "BarcodeDemo\BarcodeDemo\BarcodeDemo.csproj", "{199412DE-8588-4EB2-B0A9-67BB04D36056}"
EndProject
Global
	GlobalSection(SolutionConfigurationPlatforms) = preSolution
		Ad-Hoc|Any CPU = Ad-Hoc|Any CPU
		Ad-Hoc|iPhone = Ad-Hoc|iPhone
		Ad-Hoc|iPhoneSimulator = Ad-Hoc|iPhoneSimulator
		AppStore|Any CPU = AppStore|Any CPU
		AppStore|iPhone = AppStore|iPhone
		AppStore|iPhoneSimulator = AppStore|iPhoneSimulator
		Debug|Any CPU = Debug|Any CPU
		Debug|iPhone = Debug|iPhone
		Debug|iPhoneSimulator = Debug|iPhoneSimulator
		Release|Any CPU = Release|Any CPU
		Release|iPhone = Release|iPhone
		Release|iPhoneSimulator = Release|iPhoneSimulator
	EndGlobalSection
	GlobalSection(ProjectConfigurationPlatforms) = postSolution
		{3B72217C-991C-4B8F-AAD5-B865B7E56F74}.Ad-Hoc|Any CPU.ActiveCfg = Release|Any CPU
		{3B72217C-991C-4B8F-AAD5-B865B7E56F74}.Ad-Hoc|Any CPU.Build.0 = Release|Any CPU
		{3B72217C-991C-4B8F-AAD5-B865B7E56F74}.Ad-Hoc|Any CPU.Deploy.0 = Release|Any CPU
		{3B72217C-991C-4B8F-AAD5-B865B7E56F74}.Ad-Hoc|iPhone.ActiveCfg = Release|Any CPU
		{3B72217C-991C-4B8F-AAD5-B865B7E56F74}.Ad-Hoc|iPhone.Build.0 = Release|Any CPU
		{3B72217C-991C-4B8F-AAD5-B865B7E56F74}.Ad-Hoc|iPhone.Deploy.0 = Release|Any CPU
		{3B72217C-991C-4B8F-AAD5-B865B7E56F74}.Ad-Hoc|iPhoneSimulator.ActiveCfg = Release|Any CPU
		{3B72217C-991C-4B8F-AAD5-B865B7E56F74}.Ad-Hoc|iPhoneSimulator.Build.0 = Release|Any CPU
		{3B72217C-991C-4B8F-AAD5-B865B7E56F74}.Ad-Hoc|iPhoneSimulator.Deploy.0 = Release|Any CPU
		{3B72217C-991C-4B8F-AAD5-B865B7E56F74}.AppStore|Any CPU.ActiveCfg = Release|Any CPU
		{3B72217C-991C-4B8F-AAD5-B865B7E56F74}.AppStore|Any CPU.Build.0 = Release|Any CPU
		{3B72217C-991C-4B8F-AAD5-B865B7E56F74}.AppStore|Any CPU.Deploy.0 = Release|Any CPU
		{3B72217C-991C-4B8F-AAD5-B865B7E56F74}.AppStore|iPhone.ActiveCfg = Release|Any CPU
		{3B72217C-991C-4B8F-AAD5-B865B7E56F74}.AppStore|iPhone.Build.0 = Release|Any CPU
		{3B72217C-991C-4B8F-AAD5-B865B7E56F74}.AppStore|iPhone.Deploy.0 = Release|Any CPU
		{3B72217C-991C-4B8F-AAD5-B865B7E56F74}.AppStore|iPhoneSimulator.ActiveCfg = Release|Any CPU
		{3B72217C-991C-4B8F-AAD5-B865B7E56F74}.AppStore|iPhoneSimulator.Build.0 = Release|Any CPU
		{3B72217C-991C-4B8F-AAD5-B865B7E56F74}.AppStore|iPhoneSimulator.Deploy.0 = Release|Any CPU
		{3B72217C-991C-4B8F-AAD5-B865B7E56F74}.Debug|Any CPU.ActiveCfg = Debug|Any CPU
		{3B72217C-991C-4B8F-AAD5-B865B7E56F74}.Debug|Any CPU.Build.0 = Debug|Any CPU
		{3B72217C-991C-4B8F-AAD5-B865B7E56F74}.Debug|Any CPU.Deploy.0 = Debug|Any CPU
		{3B72217C-991C-4B8F-AAD5-B865B7E56F74}.Debug|iPhone.ActiveCfg = Debug|Any CPU
		{3B72217C-991C-4B8F-AAD5-B865B7E56F74}.Debug|iPhone.Build.0 = Debug|Any CPU
		{3B72217C-991C-4B8F-AAD5-B865B7E56F74}.Debug|iPhone.Deploy.0 = Debug|Any CPU
		{3B72217C-991C-4B8F-AAD5-B865B7E56F74}.Debug|iPhoneSimulator.ActiveCfg = Debug|Any CPU
		{3B72217C-991C-4B8F-AAD5-B865B7E56F74}.Debug|iPhoneSimulator.Build.0 = Debug|Any CPU
		{3B72217C-991C-4B8F-AAD5-B865B7E56F74}.Debug|iPhoneSimulator.Deploy.0 = Debug|Any CPU
		{3B72217C-991C-4B8F-AAD5-B865B7E56F74}.Release|Any CPU.ActiveCfg = Release|Any CPU
		{3B72217C-991C-4B8F-AAD5-B865B7E56F74}.Release|Any CPU.Build.0 = Release|Any CPU
		{3B72217C-991C-4B8F-AAD5-B865B7E56F74}.Release|Any CPU.Deploy.0 = Release|Any CPU
		{3B72217C-991C-4B8F-AAD5-B865B7E56F74}.Release|iPhone.ActiveCfg = Release|Any CPU
		{3B72217C-991C-4B8F-AAD5-B865B7E56F74}.Release|iPhone.Build.0 = Release|Any CPU
		{3B72217C-991C-4B8F-AAD5-B865B7E56F74}.Release|iPhone.Deploy.0 = Release|Any CPU
		{3B72217C-991C-4B8F-AAD5-B865B7E56F74}.Release|iPhoneSimulator.ActiveCfg = Release|Any CPU
		{3B72217C-991C-4B8F-AAD5-B865B7E56F74}.Release|iPhoneSimulator.Build.0 = Release|Any CPU
		{3B72217C-991C-4B8F-AAD5-B865B7E56F74}.Release|iPhoneSimulator.Deploy.0 = Release|Any CPU
		{89737DC1-7B7F-4774-9CD3-C8CA5D241FE8}.Ad-Hoc|Any CPU.ActiveCfg = Ad-Hoc|iPhone
		{89737DC1-7B7F-4774-9CD3-C8CA5D241FE8}.Ad-Hoc|iPhone.ActiveCfg = Ad-Hoc|iPhone
		{89737DC1-7B7F-4774-9CD3-C8CA5D241FE8}.Ad-Hoc|iPhone.Build.0 = Ad-Hoc|iPhone
		{89737DC1-7B7F-4774-9CD3-C8CA5D241FE8}.Ad-Hoc|iPhoneSimulator.ActiveCfg = Ad-Hoc|iPhoneSimulator
		{89737DC1-7B7F-4774-9CD3-C8CA5D241FE8}.Ad-Hoc|iPhoneSimulator.Build.0 = Ad-Hoc|iPhoneSimulator
		{89737DC1-7B7F-4774-9CD3-C8CA5D241FE8}.AppStore|Any CPU.ActiveCfg = AppStore|iPhone
		{89737DC1-7B7F-4774-9CD3-C8CA5D241FE8}.AppStore|iPhone.ActiveCfg = AppStore|iPhone
		{89737DC1-7B7F-4774-9CD3-C8CA5D241FE8}.AppStore|iPhone.Build.0 = AppStore|iPhone
		{89737DC1-7B7F-4774-9CD3-C8CA5D241FE8}.AppStore|iPhoneSimulator.ActiveCfg = AppStore|iPhoneSimulator
		{89737DC1-7B7F-4774-9CD3-C8CA5D241FE8}.AppStore|iPhoneSimulator.Build.0 = AppStore|iPhoneSimulator
		{89737DC1-7B7F-4774-9CD3-C8CA5D241FE8}.Debug|Any CPU.ActiveCfg = Debug|iPhoneSimulator
		{89737DC1-7B7F-4774-9CD3-C8CA5D241FE8}.Debug|Any CPU.Build.0 = Debug|iPhoneSimulator
		{89737DC1-7B7F-4774-9CD3-C8CA5D241FE8}.Debug|iPhone.ActiveCfg = Debug|iPhone
		{89737DC1-7B7F-4774-9CD3-C8CA5D241FE8}.Debug|iPhone.Build.0 = Debug|iPhone
		{89737DC1-7B7F-4774-9CD3-C8CA5D241FE8}.Debug|iPhoneSimulator.ActiveCfg = Debug|iPhoneSimulator
		{89737DC1-7B7F-4774-9CD3-C8CA5D241FE8}.Debug|iPhoneSimulator.Build.0 = Debug|iPhoneSimulator
		{89737DC1-7B7F-4774-9CD3-C8CA5D241FE8}.Release|Any CPU.ActiveCfg = Release|iPhone
		{89737DC1-7B7F-4774-9CD3-C8CA5D241FE8}.Release|iPhone.ActiveCfg = Release|iPhone
		{89737DC1-7B7F-4774-9CD3-C8CA5D241FE8}.Release|iPhone.Build.0 = Release|iPhone
		{89737DC1-7B7F-4774-9CD3-C8CA5D241FE8}.Release|iPhoneSimulator.ActiveCfg = Release|iPhoneSimulator
		{89737DC1-7B7F-4774-9CD3-C8CA5D241FE8}.Release|iPhoneSimulator.Build.0 = Release|iPhoneSimulator
		{199412DE-8588-4EB2-B0A9-67BB04D36056}.Ad-Hoc|Any CPU.ActiveCfg = Debug|Any CPU
		{199412DE-8588-4EB2-B0A9-67BB04D36056}.Ad-Hoc|Any CPU.Build.0 = Debug|Any CPU
		{199412DE-8588-4EB2-B0A9-67BB04D36056}.Ad-Hoc|iPhone.ActiveCfg = Debug|Any CPU
		{199412DE-8588-4EB2-B0A9-67BB04D36056}.Ad-Hoc|iPhone.Build.0 = Debug|Any CPU
		{199412DE-8588-4EB2-B0A9-67BB04D36056}.Ad-Hoc|iPhoneSimulator.ActiveCfg = Debug|Any CPU
		{199412DE-8588-4EB2-B0A9-67BB04D36056}.Ad-Hoc|iPhoneSimulator.Build.0 = Debug|Any CPU
		{199412DE-8588-4EB2-B0A9-67BB04D36056}.AppStore|Any CPU.ActiveCfg = Debug|Any CPU
		{199412DE-8588-4EB2-B0A9-67BB04D36056}.AppStore|Any CPU.Build.0 = Debug|Any CPU
		{199412DE-8588-4EB2-B0A9-67BB04D36056}.AppStore|iPhone.ActiveCfg = Debug|Any CPU
		{199412DE-8588-4EB2-B0A9-67BB04D36056}.AppStore|iPhone.Build.0 = Debug|Any CPU
		{199412DE-8588-4EB2-B0A9-67BB04D36056}.AppStore|iPhoneSimulator.ActiveCfg = Debug|Any CPU
		{199412DE-8588-4EB2-B0A9-67BB04D36056}.AppStore|iPhoneSimulator.Build.0 = Debug|Any CPU
		{199412DE-8588-4EB2-B0A9-67BB04D36056}.Debug|Any CPU.ActiveCfg = Debug|Any CPU
		{199412DE-8588-4EB2-B0A9-67BB04D36056}.Debug|Any CPU.Build.0 = Debug|Any CPU
		{199412DE-8588-4EB2-B0A9-67BB04D36056}.Debug|iPhone.ActiveCfg = Debug|Any CPU
		{199412DE-8588-4EB2-B0A9-67BB04D36056}.Debug|iPhone.Build.0 = Debug|Any CPU
		{199412DE-8588-4EB2-B0A9-67BB04D36056}.Debug|iPhoneSimulator.ActiveCfg = Debug|Any CPU
		{199412DE-8588-4EB2-B0A9-67BB04D36056}.Debug|iPhoneSimulator.Build.0 = Debug|Any CPU
		{199412DE-8588-4EB2-B0A9-67BB04D36056}.Release|Any CPU.ActiveCfg = Release|Any CPU
		{199412DE-8588-4EB2-B0A9-67BB04D36056}.Release|Any CPU.Build.0 = Release|Any CPU
		{199412DE-8588-4EB2-B0A9-67BB04D36056}.Release|iPhone.ActiveCfg = Release|Any CPU
		{199412DE-8588-4EB2-B0A9-67BB04D36056}.Release|iPhone.Build.0 = Release|Any CPU
		{199412DE-8588-4EB2-B0A9-67BB04D36056}.Release|iPhoneSimulator.ActiveCfg = Release|Any CPU
		{199412DE-8588-4EB2-B0A9-67BB04D36056}.Release|iPhoneSimulator.Build.0 = Release|Any CPU
	EndGlobalSection
	GlobalSection(SolutionProperties) = preSolution
		HideSolutionNode = FALSE
	EndGlobalSection
	GlobalSection(ExtensibilityGlobals) = postSolution
		SolutionGuid = {1C1DB68F-2934-44E6-8EA5-B389058E757A}
	EndGlobalSection
EndGlobal
